
Microsoft Visual Studio Solution File, Format Version 12.00
# Visual Studio Version 17
VisualStudioVersion = 17.14.36908.2 d17.14
MinimumVisualStudioVersion = 10.0.40219.1
Project("{FAE04EC0-301F-11D3-BF4B-00C04F79EFBC}") = "ResortManagement.Web", "ResortManagement.Web\ResortManagement.Web.csproj", "{B2DD350C-EB6E-4080-A44F-9D54D1A01314}"
EndProject
Global
	GlobalSection(SolutionConfigurationPlatforms) = preSolution
		Debug|Any CPU = Debug|Any CPU
		Release|Any CPU = Release|Any CPU
	EndGlobalSection
	GlobalSection(ProjectConfigurationPlatforms) = postSolution
		{B2DD350C-EB6E-4080-A44F-9D54D1A01314}.Debug|Any CPU.ActiveCfg = Debug|Any CPU
		{B2DD350C-EB6E-4080-A44F-9D54D1A01314}.Debug|Any CPU.Build.0 = Debug|Any CPU
		{B2DD350C-EB6E-4080-A44F-9D54D1A01314}.Release|Any CPU.ActiveCfg = Release|Any CPU
		{B2DD350C-EB6E-4080-A44F-9D54D1A01314}.Release|Any CPU.Build.0 = Release|Any CPU
	EndGlobalSection
	GlobalSection(SolutionProperties) = preSolution
		HideSolutionNode = FALSE
	EndGlobalSection
	GlobalSection(ExtensibilityGlobals) = postSolution
		SolutionGuid = {87CCC713-C429-491A-B87B-41C48450B237}
	EndGlobalSection
EndGlobal
